
Microsoft Visual Studio Solution File, Format Version 11.00
# Visual Studio 2010
Project("{FAE04EC0-301F-11D3-BF4B-00C04F79EFBC}") = "AntiTEMPO", "AntiTEMPO\AntiTEMPO.csproj", "{883880BD-3F1D-443C-B6C9-7A47C1D76B83}"
	ProjectSection(ProjectDependencies) = postProject
		{E647C3EC-3B0D-470F-A42B-536C7566DED0} = {E647C3EC-3B0D-470F-A42B-536C7566DED0}
	EndProjectSection
EndProject
Project("{FAE04EC0-301F-11D3-BF4B-00C04F79EFBC}") = "StimulusPSTHPanel", "StimulusPSTHPanel\StimulusPSTHPanel.csproj", "{E647C3EC-3B0D-470F-A42B-536C7566DED0}"
EndProject
Project("{FAE04EC0-301F-11D3-BF4B-00C04F79EFBC}") = "CategoryPSTH", "CategoryPSTH\CategoryPSTH.csproj", "{A0B094C5-D67D-45DE-9BFD-52C542952E73}"
EndProject
Project("{FAE04EC0-301F-11D3-BF4B-00C04F79EFBC}") = "NeuralData", "NeuralData\NeuralData.csproj", "{BDA7D2B2-2288-4C24-A208-D193B770D510}"
EndProject
Project("{FAE04EC0-301F-11D3-BF4B-00C04F79EFBC}") = "NeuralVisualization", "NeuralVisualization\NeuralVisualization.csproj", "{A7810BDB-2A80-4312-9BA1-190A1EF81F10}"
EndProject
Project("{FAE04EC0-301F-11D3-BF4B-00C04F79EFBC}") = "RoozbehNeurons", "RoozbehNeurons\RoozbehNeurons.csproj", "{13113E47-2F8C-4D1C-97EA-5CD575DC7A3E}"
EndProject
Project("{FAE04EC0-301F-11D3-BF4B-00C04F79EFBC}") = "FacePBR", "FacePBR\FacePBR.csproj", "{FF88454F-B8C2-49F4-BA5D-52889374C32C}"
EndProject
Project("{FAE04EC0-301F-11D3-BF4B-00C04F79EFBC}") = "FPR", "FPR\FPR.csproj", "{5C8B677D-F8EB-43DE-B01A-FE6F5F4A9809}"
EndProject
Project("{FAE04EC0-301F-11D3-BF4B-00C04F79EFBC}") = "Kateb", "Kateb\Kateb.csproj", "{DAD9750D-C118-4E0A-90CD-F5011F846F2F}"
EndProject
Global
	GlobalSection(SolutionConfigurationPlatforms) = preSolution
		Debug|Any CPU = Debug|Any CPU
		Debug|x86 = Debug|x86
		Release|Any CPU = Release|Any CPU
		Release|x86 = Release|x86
	EndGlobalSection
	GlobalSection(ProjectConfigurationPlatforms) = postSolution
		{883880BD-3F1D-443C-B6C9-7A47C1D76B83}.Debug|Any CPU.ActiveCfg = Debug|Any CPU
		{883880BD-3F1D-443C-B6C9-7A47C1D76B83}.Debug|Any CPU.Build.0 = Debug|Any CPU
		{883880BD-3F1D-443C-B6C9-7A47C1D76B83}.Debug|x86.ActiveCfg = Debug|x86
		{883880BD-3F1D-443C-B6C9-7A47C1D76B83}.Debug|x86.Build.0 = Debug|x86
		{883880BD-3F1D-443C-B6C9-7A47C1D76B83}.Release|Any CPU.ActiveCfg = Release|Any CPU
		{883880BD-3F1D-443C-B6C9-7A47C1D76B83}.Release|Any CPU.Build.0 = Release|Any CPU
		{883880BD-3F1D-443C-B6C9-7A47C1D76B83}.Release|x86.ActiveCfg = Release|x86
		{883880BD-3F1D-443C-B6C9-7A47C1D76B83}.Release|x86.Build.0 = Release|x86
		{E647C3EC-3B0D-470F-A42B-536C7566DED0}.Debug|Any CPU.ActiveCfg = Debug|Any CPU
		{E647C3EC-3B0D-470F-A42B-536C7566DED0}.Debug|Any CPU.Build.0 = Debug|Any CPU
		{E647C3EC-3B0D-470F-A42B-536C7566DED0}.Debug|x86.ActiveCfg = Debug|x86
		{E647C3EC-3B0D-470F-A42B-536C7566DED0}.Debug|x86.Build.0 = Debug|x86
		{E647C3EC-3B0D-470F-A42B-536C7566DED0}.Release|Any CPU.ActiveCfg = Release|Any CPU
		{E647C3EC-3B0D-470F-A42B-536C7566DED0}.Release|Any CPU.Build.0 = Release|Any CPU
		{E647C3EC-3B0D-470F-A42B-536C7566DED0}.Release|x86.ActiveCfg = Release|x86
		{E647C3EC-3B0D-470F-A42B-536C7566DED0}.Release|x86.Build.0 = Release|x86
		{A0B094C5-D67D-45DE-9BFD-52C542952E73}.Debug|Any CPU.ActiveCfg = Debug|Any CPU
		{A0B094C5-D67D-45DE-9BFD-52C542952E73}.Debug|Any CPU.Build.0 = Debug|Any CPU
		{A0B094C5-D67D-45DE-9BFD-52C542952E73}.Debug|x86.ActiveCfg = Debug|x86
		{A0B094C5-D67D-45DE-9BFD-52C542952E73}.Debug|x86.Build.0 = Debug|x86
		{A0B094C5-D67D-45DE-9BFD-52C542952E73}.Release|Any CPU.ActiveCfg = Release|Any CPU
		{A0B094C5-D67D-45DE-9BFD-52C542952E73}.Release|Any CPU.Build.0 = Release|Any CPU
		{A0B094C5-D67D-45DE-9BFD-52C542952E73}.Release|x86.ActiveCfg = Release|x86
		{A0B094C5-D67D-45DE-9BFD-52C542952E73}.Release|x86.Build.0 = Release|x86
		{BDA7D2B2-2288-4C24-A208-D193B770D510}.Debug|Any CPU.ActiveCfg = Debug|Any CPU
		{BDA7D2B2-2288-4C24-A208-D193B770D510}.Debug|Any CPU.Build.0 = Debug|Any CPU
		{BDA7D2B2-2288-4C24-A208-D193B770D510}.Debug|x86.ActiveCfg = Debug|x86
		{BDA7D2B2-2288-4C24-A208-D193B770D510}.Debug|x86.Build.0 = Debug|x86
		{BDA7D2B2-2288-4C24-A208-D193B770D510}.Release|Any CPU.ActiveCfg = Release|Any CPU
		{BDA7D2B2-2288-4C24-A208-D193B770D510}.Release|Any CPU.Build.0 = Release|Any CPU
		{BDA7D2B2-2288-4C24-A208-D193B770D510}.Release|x86.ActiveCfg = Release|x86
		{BDA7D2B2-2288-4C24-A208-D193B770D510}.Release|x86.Build.0 = Release|x86
		{A7810BDB-2A80-4312-9BA1-190A1EF81F10}.Debug|Any CPU.ActiveCfg = Debug|Any CPU
		{A7810BDB-2A80-4312-9BA1-190A1EF81F10}.Debug|Any CPU.Build.0 = Debug|Any CPU
		{A7810BDB-2A80-4312-9BA1-190A1EF81F10}.Debug|x86.ActiveCfg = Debug|x86
		{A7810BDB-2A80-4312-9BA1-190A1EF81F10}.Debug|x86.Build.0 = Debug|x86
		{A7810BDB-2A80-4312-9BA1-190A1EF81F10}.Release|Any CPU.ActiveCfg = Release|Any CPU
		{A7810BDB-2A80-4312-9BA1-190A1EF81F10}.Release|Any CPU.Build.0 = Release|Any CPU
		{A7810BDB-2A80-4312-9BA1-190A1EF81F10}.Release|x86.ActiveCfg = Release|x86
		{A7810BDB-2A80-4312-9BA1-190A1EF81F10}.Release|x86.Build.0 = Release|x86
		{13113E47-2F8C-4D1C-97EA-5CD575DC7A3E}.Debug|Any CPU.ActiveCfg = Debug|Any CPU
		{13113E47-2F8C-4D1C-97EA-5CD575DC7A3E}.Debug|Any CPU.Build.0 = Debug|Any CPU
		{13113E47-2F8C-4D1C-97EA-5CD575DC7A3E}.Debug|x86.ActiveCfg = Debug|x86
		{13113E47-2F8C-4D1C-97EA-5CD575DC7A3E}.Debug|x86.Build.0 = Debug|x86
		{13113E47-2F8C-4D1C-97EA-5CD575DC7A3E}.Release|Any CPU.ActiveCfg = Release|Any CPU
		{13113E47-2F8C-4D1C-97EA-5CD575DC7A3E}.Release|Any CPU.Build.0 = Release|Any CPU
		{13113E47-2F8C-4D1C-97EA-5CD575DC7A3E}.Release|x86.ActiveCfg = Release|x86
		{13113E47-2F8C-4D1C-97EA-5CD575DC7A3E}.Release|x86.Build.0 = Release|x86
		{FF88454F-B8C2-49F4-BA5D-52889374C32C}.Debug|Any CPU.ActiveCfg = Debug|Any CPU
		{FF88454F-B8C2-49F4-BA5D-52889374C32C}.Debug|Any CPU.Build.0 = Debug|Any CPU
		{FF88454F-B8C2-49F4-BA5D-52889374C32C}.Debug|x86.ActiveCfg = Debug|x86
		{FF88454F-B8C2-49F4-BA5D-52889374C32C}.Debug|x86.Build.0 = Debug|x86
		{FF88454F-B8C2-49F4-BA5D-52889374C32C}.Release|Any CPU.ActiveCfg = Release|Any CPU
		{FF88454F-B8C2-49F4-BA5D-52889374C32C}.Release|Any CPU.Build.0 = Release|Any CPU
		{FF88454F-B8C2-49F4-BA5D-52889374C32C}.Release|x86.ActiveCfg = Release|x86
		{FF88454F-B8C2-49F4-BA5D-52889374C32C}.Release|x86.Build.0 = Release|x86
		{5C8B677D-F8EB-43DE-B01A-FE6F5F4A9809}.Debug|Any CPU.ActiveCfg = Debug|Any CPU
		{5C8B677D-F8EB-43DE-B01A-FE6F5F4A9809}.Debug|Any CPU.Build.0 = Debug|Any CPU
		{5C8B677D-F8EB-43DE-B01A-FE6F5F4A9809}.Debug|x86.ActiveCfg = Debug|x86
		{5C8B677D-F8EB-43DE-B01A-FE6F5F4A9809}.Debug|x86.Build.0 = Debug|x86
		{5C8B677D-F8EB-43DE-B01A-FE6F5F4A9809}.Release|Any CPU.ActiveCfg = Release|Any CPU
		{5C8B677D-F8EB-43DE-B01A-FE6F5F4A9809}.Release|Any CPU.Build.0 = Release|Any CPU
		{5C8B677D-F8EB-43DE-B01A-FE6F5F4A9809}.Release|x86.ActiveCfg = Release|x86
		{5C8B677D-F8EB-43DE-B01A-FE6F5F4A9809}.Release|x86.Build.0 = Release|x86
		{DAD9750D-C118-4E0A-90CD-F5011F846F2F}.Debug|Any CPU.ActiveCfg = Debug|Any CPU
		{DAD9750D-C118-4E0A-90CD-F5011F846F2F}.Debug|Any CPU.Build.0 = Debug|Any CPU
		{DAD9750D-C118-4E0A-90CD-F5011F846F2F}.Debug|x86.ActiveCfg = Debug|x86
		{DAD9750D-C118-4E0A-90CD-F5011F846F2F}.Debug|x86.Build.0 = Debug|x86
		{DAD9750D-C118-4E0A-90CD-F5011F846F2F}.Release|Any CPU.ActiveCfg = Release|Any CPU
		{DAD9750D-C118-4E0A-90CD-F5011F846F2F}.Release|Any CPU.Build.0 = Release|Any CPU
		{DAD9750D-C118-4E0A-90CD-F5011F846F2F}.Release|x86.ActiveCfg = Release|x86
		{DAD9750D-C118-4E0A-90CD-F5011F846F2F}.Release|x86.Build.0 = Release|x86
	EndGlobalSection
	GlobalSection(SolutionProperties) = preSolution
		HideSolutionNode = FALSE
	EndGlobalSection
EndGlobal
